Microsoft Visual Studio Solution File, Format Version 12.00
# Visual Studio Version 17
VisualStudioVersion = 17.10.34818.151
MinimumVisualStudioVersion = 10.0.40219.1
Project("{9A19103F-16F7-4668-BE54-9A1E7A4F7556}") = "MercyFork.AppHost", "MercyFork.AppHost\MercyFork.AppHost.csproj", "{3426E0D6-39A3-407F-8383-47421CF30B71}"
EndProject
Project("{9A19103F-16F7-4668-BE54-9A1E7A4F7556}") = "MercyFork.ServiceDefaults", "MercyFork.ServiceDefaults\MercyFork.ServiceDefaults.csproj", "{4FE5ADBF-3DAF-4BF5-AD65-B344E8395EC6}"
EndProject
Project("{9A19103F-16F7-4668-BE54-9A1E7A4F7556}") = "MercyFork.ApiService", "MercyFork.ApiService\MercyFork.ApiService.csproj", "{C52A8304-A091-4B94-A804-870FD8EFE93C}"
EndProject
Project("{9A19103F-16F7-4668-BE54-9A1E7A4F7556}") = "MercyFork.Web", "MercyFork.Web\MercyFork.Web.csproj", "{0E4CFF80-BDAB-4688-B52D-39E3A9A57E4D}"
EndProject
Project("{9A19103F-16F7-4668-BE54-9A1E7A4F7556}") = "MercyFork.Data", "MercyFork.Data\MercyFork.Data.csproj", "{66F0E750-47A4-48A8-8B94-3F3026FACD61}"
EndProject
Project("{9A19103F-16F7-4668-BE54-9A1E7A4F7556}") = "MercyFork.Data.Models", "MercyFork.Data.Models\MercyFork.Data.Models.csproj", "{C376C73D-D440-41EB-87F5-CEAA844C4143}"
EndProject
Project("{9A19103F-16F7-4668-BE54-9A1E7A4F7556}") = "MercyFork.Web.SharedComponents", "MercyFork.Web.SharedComponents\MercyFork.Web.SharedComponents.csproj", "{26730D51-8252-4A10-B9B8-A17654A7DF99}"
EndProject
Project("{2150E333-8FDC-42A3-9474-1A3956D46DE8}") = "Root", "Root", "{5F2E1EC4-2572-4060-8D9A-EED7B4A06EE5}"
	ProjectSection(SolutionItems) = preProject
		Directory.Packages.props = Directory.Packages.props
	EndProjectSection
EndProject
Project("{2150E333-8FDC-42A3-9474-1A3956D46DE8}") = "GitHub", "GitHub", "{B7277B24-84D5-48C7-96BE-67355914BE3B}"
EndProject
Project("{2150E333-8FDC-42A3-9474-1A3956D46DE8}") = "Workflows", "Workflows", "{76E7AFBA-6EC2-4869-B4D2-51FDA4EB5FFC}"
	ProjectSection(SolutionItems) = preProject
		.github\workflows\build.yml = .github\workflows\build.yml
	EndProjectSection
EndProject
Global
	GlobalSection(SolutionConfigurationPlatforms) = preSolution
		Debug|Any CPU = Debug|Any CPU
		Release|Any CPU = Release|Any CPU
	EndGlobalSection
	GlobalSection(ProjectConfigurationPlatforms) = postSolution
		{3426E0D6-39A3-407F-8383-47421CF30B71}.Debug|Any CPU.ActiveCfg = Debug|Any CPU
		{3426E0D6-39A3-407F-8383-47421CF30B71}.Debug|Any CPU.Build.0 = Debug|Any CPU
		{3426E0D6-39A3-407F-8383-47421CF30B71}.Release|Any CPU.ActiveCfg = Release|Any CPU
		{3426E0D6-39A3-407F-8383-47421CF30B71}.Release|Any CPU.Build.0 = Release|Any CPU
		{4FE5ADBF-3DAF-4BF5-AD65-B344E8395EC6}.Debug|Any CPU.ActiveCfg = Debug|Any CPU
		{4FE5ADBF-3DAF-4BF5-AD65-B344E8395EC6}.Debug|Any CPU.Build.0 = Debug|Any CPU
		{4FE5ADBF-3DAF-4BF5-AD65-B344E8395EC6}.Release|Any CPU.ActiveCfg = Release|Any CPU
		{4FE5ADBF-3DAF-4BF5-AD65-B344E8395EC6}.Release|Any CPU.Build.0 = Release|Any CPU
		{C52A8304-A091-4B94-A804-870FD8EFE93C}.Debug|Any CPU.ActiveCfg = Debug|Any CPU
		{C52A8304-A091-4B94-A804-870FD8EFE93C}.Debug|Any CPU.Build.0 = Debug|Any CPU
		{C52A8304-A091-4B94-A804-870FD8EFE93C}.Release|Any CPU.ActiveCfg = Release|Any CPU
		{C52A8304-A091-4B94-A804-870FD8EFE93C}.Release|Any CPU.Build.0 = Release|Any CPU
		{0E4CFF80-BDAB-4688-B52D-39E3A9A57E4D}.Debug|Any CPU.ActiveCfg = Debug|Any CPU
		{0E4CFF80-BDAB-4688-B52D-39E3A9A57E4D}.Debug|Any CPU.Build.0 = Debug|Any CPU
		{0E4CFF80-BDAB-4688-B52D-39E3A9A57E4D}.Release|Any CPU.ActiveCfg = Release|Any CPU
		{0E4CFF80-BDAB-4688-B52D-39E3A9A57E4D}.Release|Any CPU.Build.0 = Release|Any CPU
		{66F0E750-47A4-48A8-8B94-3F3026FACD61}.Debug|Any CPU.ActiveCfg = Debug|Any CPU
		{66F0E750-47A4-48A8-8B94-3F3026FACD61}.Debug|Any CPU.Build.0 = Debug|Any CPU
		{66F0E750-47A4-48A8-8B94-3F3026FACD61}.Release|Any CPU.ActiveCfg = Release|Any CPU
		{66F0E750-47A4-48A8-8B94-3F3026FACD61}.Release|Any CPU.Build.0 = Release|Any CPU
		{C376C73D-D440-41EB-87F5-CEAA844C4143}.Debug|Any CPU.ActiveCfg = Debug|Any CPU
		{C376C73D-D440-41EB-87F5-CEAA844C4143}.Debug|Any CPU.Build.0 = Debug|Any CPU
		{C376C73D-D440-41EB-87F5-CEAA844C4143}.Release|Any CPU.ActiveCfg = Release|Any CPU
		{C376C73D-D440-41EB-87F5-CEAA844C4143}.Release|Any CPU.Build.0 = Release|Any CPU
		{26730D51-8252-4A10-B9B8-A17654A7DF99}.Debug|Any CPU.ActiveCfg = Debug|Any CPU
		{26730D51-8252-4A10-B9B8-A17654A7DF99}.Debug|Any CPU.Build.0 = Debug|Any CPU
		{26730D51-8252-4A10-B9B8-A17654A7DF99}.Release|Any CPU.ActiveCfg = Release|Any CPU
		{26730D51-8252-4A10-B9B8-A17654A7DF99}.Release|Any CPU.Build.0 = Release|Any CPU
	EndGlobalSection
	GlobalSection(SolutionProperties) = preSolution
		HideSolutionNode = FALSE
	EndGlobalSection
	GlobalSection(NestedProjects) = preSolution
		{B7277B24-84D5-48C7-96BE-67355914BE3B} = {5F2E1EC4-2572-4060-8D9A-EED7B4A06EE5}
		{76E7AFBA-6EC2-4869-B4D2-51FDA4EB5FFC} = {B7277B24-84D5-48C7-96BE-67355914BE3B}
	EndGlobalSection
	GlobalSection(ExtensibilityGlobals) = postSolution
		SolutionGuid = {1D02CF89-DE54-4F6A-9974-7103AE72DE89}
	EndGlobalSection
EndGlobal
